
Microsoft Visual Studio Solution File, Format Version 12.00
# Visual Studio Version 17
VisualStudioVersion = 17.12.35506.116
MinimumVisualStudioVersion = 10.0.40219.1
Project("{FAE04EC0-301F-11D3-BF4B-00C04F79EFBC}") = "Assignment3.1", "Assignment3.1\Assignment3.1.csproj", "{29883527-A9AE-43D5-80AE-0782ECCA5092}"
EndProject
Project("{FAE04EC0-301F-11D3-BF4B-00C04F79EFBC}") = "ClassLibrary1", "ClassLibrary1\ClassLibrary1.csproj", "{8D586109-0825-4F2E-914E-D696BAA1C4D7}"
EndProject
Global
	GlobalSection(SolutionConfigurationPlatforms) = preSolution
		Debug|Any CPU = Debug|Any CPU
		Release|Any CPU = Release|Any CPU
	EndGlobalSection
	GlobalSection(ProjectConfigurationPlatforms) = postSolution
		{29883527-A9AE-43D5-80AE-0782ECCA5092}.Debug|Any CPU.ActiveCfg = Debug|Any CPU
		{29883527-A9AE-43D5-80AE-0782ECCA5092}.Debug|Any CPU.Build.0 = Debug|Any CPU
		{29883527-A9AE-43D5-80AE-0782ECCA5092}.Release|Any CPU.ActiveCfg = Release|Any CPU
		{29883527-A9AE-43D5-80AE-0782ECCA5092}.Release|Any CPU.Build.0 = Release|Any CPU
		{8D586109-0825-4F2E-914E-D696BAA1C4D7}.Debug|Any CPU.ActiveCfg = Debug|Any CPU
		{8D586109-0825-4F2E-914E-D696BAA1C4D7}.Debug|Any CPU.Build.0 = Debug|Any CPU
		{8D586109-0825-4F2E-914E-D696BAA1C4D7}.Release|Any CPU.ActiveCfg = Release|Any CPU
		{8D586109-0825-4F2E-914E-D696BAA1C4D7}.Release|Any CPU.Build.0 = Release|Any CPU
	EndGlobalSection
	GlobalSection(SolutionProperties) = preSolution
		HideSolutionNode = FALSE
	EndGlobalSection
EndGlobal
